Microsoft Visual Studio Solution File, Format Version 12.00
# Visual Studio Version 17
VisualStudioVersion = 17.5.2.0
MinimumVisualStudioVersion = 10.0.40219.1
Project("{FAE04EC0-301F-11D3-BF4B-00C04F79EFBC}") = "lab-7-maze-JBodrero-1", "lab-7-maze-JBodrero-1.csproj", "{B5D99DB6-B1C2-9757-3D43-82B507F9E031}"
EndProject
Global
	GlobalSection(SolutionConfigurationPlatforms) = preSolution
		Debug|Any CPU = Debug|Any CPU
		Release|Any CPU = Release|Any CPU
	EndGlobalSection
	GlobalSection(ProjectConfigurationPlatforms) = postSolution
		{B5D99DB6-B1C2-9757-3D43-82B507F9E031}.Debug|Any CPU.ActiveCfg = Debug|Any CPU
		{B5D99DB6-B1C2-9757-3D43-82B507F9E031}.Debug|Any CPU.Build.0 = Debug|Any CPU
		{B5D99DB6-B1C2-9757-3D43-82B507F9E031}.Release|Any CPU.ActiveCfg = Release|Any CPU
		{B5D99DB6-B1C2-9757-3D43-82B507F9E031}.Release|Any CPU.Build.0 = Release|Any CPU
	EndGlobalSection
	GlobalSection(SolutionProperties) = preSolution
		HideSolutionNode = FALSE
	EndGlobalSection
	GlobalSection(ExtensibilityGlobals) = postSolution
		SolutionGuid = {DD9C8500-3256-493A-9854-9957875321CA}
	EndGlobalSection
EndGlobal
